// !$*UTF8*$!
{
	archiveVersion = 1;
	classes = {
	};
	objectVersion = 48;
	objects = {

/* Begin PBXBuildFile section */
		42F72D9C2077B4000014173E /* TypeDto.m in Sources */ = {isa = PBXBuildFile; fileRef = 42F72D9B2077B4000014173E /* TypeDto.m */; };
		C77F7C9BE87C4BDDB6200893 /* libPods-FinacialManager_iOSUITests.a in Frameworks */ = {isa = PBXBuildFile; fileRef = 888FDD289807EEC14A2CDE39 /* libPods-FinacialManager_iOSUITests.a */; };
		CA02840B2091B97300682236 /* DetailJarDto.m in Sources */ = {isa = PBXBuildFile; fileRef = CA02840A2091B97300682236 /* DetailJarDto.m */; };
		CA0284132091BAEF00682236 /* NSDateFormatter+Util.m in Sources */ = {isa = PBXBuildFile; fileRef = CA0284122091BAEF00682236 /* NSDateFormatter+Util.m */; };
		CA0284822091C51200682236 /* NSDate+NSDateEx.m in Sources */ = {isa = PBXBuildFile; fileRef = CA0284812091C51200682236 /* NSDate+NSDateEx.m */; };
		CA23AF30207CFEB9001662D8 /* StatesDto.m in Sources */ = {isa = PBXBuildFile; fileRef = CA23AF2F207CFEB9001662D8 /* StatesDto.m */; };
		CA2B86FA20729C8E000FF7FC /* UserNotificationsUI.framework in Frameworks */ = {isa = PBXBuildFile; fileRef = CA2B86F820729C8E000FF7FC /* UserNotificationsUI.framework */; };
		CA2B86FB20729C8E000FF7FC /* UserNotifications.framework in Frameworks */ = {isa = PBXBuildFile; fileRef = CA2B86F920729C8E000FF7FC /* UserNotifications.framework */; };
		CA2D6329207D110700CEA328 /* BaseClv.m in Sources */ = {isa = PBXBuildFile; fileRef = CA2D6318207D110700CEA328 /* BaseClv.m */; };
		CA2EC1C4207355E600312C91 /* CalendarVC.m in Sources */ = {isa = PBXBuildFile; fileRef = CA2EC1C3207355E600312C91 /* CalendarVC.m */; };
		CA39AF6F2095F16400D0C916 /* PickerPopUpCell.xib in Resources */ = {isa = PBXBuildFile; fileRef = CA39AF6C2095F16400D0C916 /* PickerPopUpCell.xib */; };
		CA39AF702095F16400D0C916 /* PickerPopUpVC.m in Sources */ = {isa = PBXBuildFile; fileRef = CA39AF6E2095F16400D0C916 /* PickerPopUpVC.m */; };
		CA4530D820810B9500B71BCC /* Caculator.storyboard in Resources */ = {isa = PBXBuildFile; fileRef = CA4530D720810B9500B71BCC /* Caculator.storyboard */; };
		CA4530DC2081104A00B71BCC /* GateVC.m in Sources */ = {isa = PBXBuildFile; fileRef = CA4530DB2081104A00B71BCC /* GateVC.m */; };
		CA4530E02081120200B71BCC /* GateView.m in Sources */ = {isa = PBXBuildFile; fileRef = CA4530DF2081120200B71BCC /* GateView.m */; };
		CA4BECB720692EDE00BA89C9 /* CaculatorVC.m in Sources */ = {isa = PBXBuildFile; fileRef = CA4BECB620692EDE00BA89C9 /* CaculatorVC.m */; };
		CA5D8189205E5038005C23E6 /* SlideNavigationContorllerAnimatorFade.m in Sources */ = {isa = PBXBuildFile; fileRef = CA5D817D205E5038005C23E6 /* SlideNavigationContorllerAnimatorFade.m */; };
		CA5D818A205E5038005C23E6 /* SlideNavigationContorllerAnimatorScale.m in Sources */ = {isa = PBXBuildFile; fileRef = CA5D817F205E5038005C23E6 /* SlideNavigationContorllerAnimatorScale.m */; };
		CA5D818B205E5038005C23E6 /* SlideNavigationContorllerAnimatorScaleAndFade.m in Sources */ = {isa = PBXBuildFile; fileRef = CA5D8181205E5038005C23E6 /* SlideNavigationContorllerAnimatorScaleAndFade.m */; };
		CA5D818C205E5038005C23E6 /* SlideNavigationContorllerAnimatorSlide.m in Sources */ = {isa = PBXBuildFile; fileRef = CA5D8183205E5038005C23E6 /* SlideNavigationContorllerAnimatorSlide.m */; };
		CA5D818D205E5038005C23E6 /* SlideNavigationContorllerAnimatorSlideAndFade.m in Sources */ = {isa = PBXBuildFile; fileRef = CA5D8185205E5038005C23E6 /* SlideNavigationContorllerAnimatorSlideAndFade.m */; };
		CA5D818E205E5038005C23E6 /* SlideNavigationController.m in Sources */ = {isa = PBXBuildFile; fileRef = CA5D8188205E5038005C23E6 /* SlideNavigationController.m */; };
		CA5D8195205E5049005C23E6 /* API.m in Sources */ = {isa = PBXBuildFile; fileRef = CA5D8191205E5049005C23E6 /* API.m */; };
		CA5D8196205E5049005C23E6 /* Configure.m in Sources */ = {isa = PBXBuildFile; fileRef = CA5D8194205E5049005C23E6 /* Configure.m */; };
		CA5D819A205E508B005C23E6 /* UserDto.m in Sources */ = {isa = PBXBuildFile; fileRef = CA5D8199205E508B005C23E6 /* UserDto.m */; };
		CA5D819E205E510E005C23E6 /* BaseDto.m in Sources */ = {isa = PBXBuildFile; fileRef = CA5D819D205E510E005C23E6 /* BaseDto.m */; };
		CA61B99020635DC00022A097 /* Overview.storyboard in Resources */ = {isa = PBXBuildFile; fileRef = CA61B98F20635DC00022A097 /* Overview.storyboard */; };
		CA61B99420635E0C0022A097 /* OverViewVC.m in Sources */ = {isa = PBXBuildFile; fileRef = CA61B99320635E0C0022A097 /* OverViewVC.m */; };
		CA681C622095939300ADFF7A /* VCFloatingActionButton.m in Sources */ = {isa = PBXBuildFile; fileRef = CA681C602095939300ADFF7A /* VCFloatingActionButton.m */; };
		CA681C66209595B800ADFF7A /* floatTableViewCell.xib in Resources */ = {isa = PBXBuildFile; fileRef = CA681C63209595B800ADFF7A /* floatTableViewCell.xib */; };
		CA681C67209595B800ADFF7A /* floatTableViewCell.m in Sources */ = {isa = PBXBuildFile; fileRef = CA681C64209595B800ADFF7A /* floatTableViewCell.m */; };
		CA681C6B2095A8E100ADFF7A /* AlertPickerVC.m in Sources */ = {isa = PBXBuildFile; fileRef = CA681C692095A8E100ADFF7A /* AlertPickerVC.m */; };
		CA6CFE3A206C94E5001314AB /* HButton.m in Sources */ = {isa = PBXBuildFile; fileRef = CA6CFE39206C94E5001314AB /* HButton.m */; };
		CA6CFE3D206CF1E9001314AB /* ChosseCategory.xib in Resources */ = {isa = PBXBuildFile; fileRef = CA6CFE3C206CF1E9001314AB /* ChosseCategory.xib */; };
		CA6CFE40206CF20B001314AB /* ChosseCategory.m in Sources */ = {isa = PBXBuildFile; fileRef = CA6CFE3F206CF20B001314AB /* ChosseCategory.m */; };
		CA6F055A207E5F500049C615 /* JarDetailVC.m in Sources */ = {isa = PBXBuildFile; fileRef = CA6F0559207E5F500049C615 /* JarDetailVC.m */; };
		CA6F055E207E621D0049C615 /* JarDetailCell.m in Sources */ = {isa = PBXBuildFile; fileRef = CA6F055D207E621D0049C615 /* JarDetailCell.m */; };
		CA7013802076136700962831 /* CategoryDto.m in Sources */ = {isa = PBXBuildFile; fileRef = CA70137F2076136700962831 /* CategoryDto.m */; };
		CA701388207613A900962831 /* JarDto.m in Sources */ = {isa = PBXBuildFile; fileRef = CA701387207613A900962831 /* JarDto.m */; };
		CA7300D6206E1A640085E616 /* BaseColCell.m in Sources */ = {isa = PBXBuildFile; fileRef = CA7300D5206E1A640085E616 /* BaseColCell.m */; };
		CA7300D9206E1A770085E616 /* CategoryCell.m in Sources */ = {isa = PBXBuildFile; fileRef = CA7300D8206E1A770085E616 /* CategoryCell.m */; };
		CA765707205EB62100751B9F /* BaseCell.m in Sources */ = {isa = PBXBuildFile; fileRef = CA7656FD205EB62000751B9F /* BaseCell.m */; };
		CA765708205EB62100751B9F /* BaseTBV.m in Sources */ = {isa = PBXBuildFile; fileRef = CA765700205EB62100751B9F /* BaseTBV.m */; };
		CA765709205EB62100751B9F /* BaseNV.m in Sources */ = {isa = PBXBuildFile; fileRef = CA765703205EB62100751B9F /* BaseNV.m */; };
		CA76570A205EB62100751B9F /* BaseVC.m in Sources */ = {isa = PBXBuildFile; fileRef = CA765706205EB62100751B9F /* BaseVC.m */; };
		CA76570E205EB70300751B9F /* Login.storyboard in Resources */ = {isa = PBXBuildFile; fileRef = CA76570D205EB70300751B9F /* Login.storyboard */; };
		CA765712205EB72500751B9F /* MenuVC.m in Sources */ = {isa = PBXBuildFile; fileRef = CA765711205EB72500751B9F /* MenuVC.m */; };
		CA76571D205EB72C00751B9F /* SignInVC.m in Sources */ = {isa = PBXBuildFile; fileRef = CA765716205EB72C00751B9F /* SignInVC.m */; };
		CA76571E205EB72C00751B9F /* SignUpVC.m in Sources */ = {isa = PBXBuildFile; fileRef = CA765719205EB72C00751B9F /* SignUpVC.m */; };
		CA76571F205EB72C00751B9F /* WelcomeVC.m in Sources */ = {isa = PBXBuildFile; fileRef = CA76571C205EB72C00751B9F /* WelcomeVC.m */; };
		CA81D4AF208AD9D500A35E2F /* ProfileVC.m in Sources */ = {isa = PBXBuildFile; fileRef = CA81D4AE208AD9D500A35E2F /* ProfileVC.m */; };
		CAAE459D205CB14D00090152 /* AppDelegate.m in Sources */ = {isa = PBXBuildFile; fileRef = CAAE459C205CB14D00090152 /* AppDelegate.m */; };
		CAAE45A3205CB14D00090152 /* Main.storyboard in Resources */ = {isa = PBXBuildFile; fileRef = CAAE45A1205CB14D00090152 /* Main.storyboard */; };
		CAAE45A5205CB14D00090152 /* Assets.xcassets in Resources */ = {isa = PBXBuildFile; fileRef = CAAE45A4205CB14D00090152 /* Assets.xcassets */; };
		CAAE45A8205CB14D00090152 /* LaunchScreen.storyboard in Resources */ = {isa = PBXBuildFile; fileRef = CAAE45A6205CB14D00090152 /* LaunchScreen.storyboard */; };
		CAAE45AB205CB14D00090152 /* main.m in Sources */ = {isa = PBXBuildFile; fileRef = CAAE45AA205CB14D00090152 /* main.m */; };
		CAAE45B5205CB14D00090152 /* FinacialManager_iOSUITests.m in Sources */ = {isa = PBXBuildFile; fileRef = CAAE45B4205CB14D00090152 /* FinacialManager_iOSUITests.m */; };
		CABBA12C206A164600254F95 /* NSString+Util.m in Sources */ = {isa = PBXBuildFile; fileRef = CABBA12B206A164600254F95 /* NSString+Util.m */; };
		CABBA15D206A166700254F95 /* UIView+Util.m in Sources */ = {isa = PBXBuildFile; fileRef = CABBA151206A166700254F95 /* UIView+Util.m */; };
		CABBA161206A169C00254F95 /* UIButton+Button.m in Sources */ = {isa = PBXBuildFile; fileRef = CABBA160206A169C00254F95 /* UIButton+Button.m */; };
		CACAA6A5205EBDFB0096DB80 /* MenuDto.m in Sources */ = {isa = PBXBuildFile; fileRef = CACAA6A4205EBDFB0096DB80 /* MenuDto.m */; };
		CAFB8F7420720B35009EA2B3 /* MView.m in Sources */ = {isa = PBXBuildFile; fileRef = CAFB8F7320720B35009EA2B3 /* MView.m */; };
		CAFB8F7620721C46009EA2B3 /* Common.storyboard in Resources */ = {isa = PBXBuildFile; fileRef = CAFB8F7520721C46009EA2B3 /* Common.storyboard */; };
		CAFB8F7B20721D24009EA2B3 /* AlertVC.m in Sources */ = {isa = PBXBuildFile; fileRef = CAFB8F7A20721D24009EA2B3 /* AlertVC.m */; };
		D86EC0AB6B01FFB544B22433 /* libPods-FinacialManager_iOS.a in Frameworks */ = {isa = PBXBuildFile; fileRef = A14EA6208C98D76168B421F4 /* libPods-FinacialManager_iOS.a */; };
/* End PBXBuildFile section */

/* Begin PBXContainerItemProxy section */
		CAAE45B1205CB14D00090152 /* PBXContainerItemProxy */ = {
			isa = PBXContainerItemProxy;
			containerPortal = CAAE4590205CB14D00090152 /* Project object */;
			proxyType = 1;
			remoteGlobalIDString = CAAE4597205CB14D00090152;
			remoteInfo = FinacialManager_iOS;
		};
/* End PBXContainerItemProxy section */

/* Begin PBXFileReference section */
		289502364A49E235EF2CD79C /* Pods-FinacialManager_iOS.debug.xcconfig */ = {isa = PBXFileReference; includeInIndex = 1; lastKnownFileType = text.xcconfig; name = "Pods-FinacialManager_iOS.debug.xcconfig"; path = "Pods/Target Support Files/Pods-FinacialManager_iOS/Pods-FinacialManager_iOS.debug.xcconfig"; sourceTree = "<group>"; };
		42F72D9A2077B4000014173E /* TypeDto.h */ = {isa = PBXFileReference; lastKnownFileType = sourcecode.c.h; path = TypeDto.h; sourceTree = "<group>"; };
		42F72D9B2077B4000014173E /* TypeDto.m */ = {isa = PBXFileReference; lastKnownFileType = sourcecode.c.objc; path = TypeDto.m; sourceTree = "<group>"; };
		888FDD289807EEC14A2CDE39 /* libPods-FinacialManager_iOSUITests.a */ = {isa = PBXFileReference; explicitFileType = archive.ar; includeInIndex = 0; path = "libPods-FinacialManager_iOSUITests.a"; sourceTree = BUILT_PRODUCTS_DIR; };
		A14EA6208C98D76168B421F4 /* libPods-FinacialManager_iOS.a */ = {isa = PBXFileReference; explicitFileType = archive.ar; includeInIndex = 0; path = "libPods-FinacialManager_iOS.a"; sourceTree = BUILT_PRODUCTS_DIR; };
		A388AB52E29658A3070DAD2E /* Pods-FinacialManager_iOSUITests.debug.xcconfig */ = {isa = PBXFileReference; includeInIndex = 1; lastKnownFileType = text.xcconfig; name = "Pods-FinacialManager_iOSUITests.debug.xcconfig"; path = "Pods/Target Support Files/Pods-FinacialManager_iOSUITests/Pods-FinacialManager_iOSUITests.debug.xcconfig"; sourceTree = "<group>"; };
		CA0284092091B97300682236 /* DetailJarDto.h */ = {isa = PBXFileReference; lastKnownFileType = sourcecode.c.h; path = DetailJarDto.h; sourceTree = "<group>"; };
		CA02840A2091B97300682236 /* DetailJarDto.m */ = {isa = PBXFileReference; lastKnownFileType = sourcecode.c.objc; path = DetailJarDto.m; sourceTree = "<group>"; };
		CA0284112091BAEF00682236 /* NSDateFormatter+Util.h */ = {isa = PBXFileReference; fileEncoding = 4; lastKnownFileType = sourcecode.c.h; path = "NSDateFormatter+Util.h"; sourceTree = "<group>"; };
		CA0284122091BAEF00682236 /* NSDateFormatter+Util.m */ = {isa = PBXFileReference; fileEncoding = 4; lastKnownFileType = sourcecode.c.objc; path = "NSDateFormatter+Util.m"; sourceTree = "<group>"; };
		CA0284772091BB6C00682236 /* NSTimeZone+Util.h */ = {isa = PBXFileReference; lastKnownFileType = sourcecode.c.h; path = "NSTimeZone+Util.h"; sourceTree = "<group>"; };
		CA0284782091BB6C00682236 /* NSTimeZone+Util.m */ = {isa = PBXFileReference; lastKnownFileType = sourcecode.c.objc; path = "NSTimeZone+Util.m"; sourceTree = "<group>"; };
		CA0284802091C51200682236 /* NSDate+NSDateEx.h */ = {isa = PBXFileReference; lastKnownFileType = sourcecode.c.h; path = "NSDate+NSDateEx.h"; sourceTree = "<group>"; };
		CA0284812091C51200682236 /* NSDate+NSDateEx.m */ = {isa = PBXFileReference; lastKnownFileType = sourcecode.c.objc; path = "NSDate+NSDateEx.m"; sourceTree = "<group>"; };
		CA23AF2E207CFEB9001662D8 /* StatesDto.h */ = {isa = PBXFileReference; lastKnownFileType = sourcecode.c.h; path = StatesDto.h; sourceTree = "<group>"; };
		CA23AF2F207CFEB9001662D8 /* StatesDto.m */ = {isa = PBXFileReference; lastKnownFileType = sourcecode.c.objc; path = StatesDto.m; sourceTree = "<group>"; };
		CA2B86F820729C8E000FF7FC /* UserNotificationsUI.framework */ = {isa = PBXFileReference; lastKnownFileType = wrapper.framework; name = UserNotificationsUI.framework; path = System/Library/Frameworks/UserNotificationsUI.framework; sourceTree = SDKROOT; };
		CA2B86F920729C8E000FF7FC /* UserNotifications.framework */ = {isa = PBXFileReference; lastKnownFileType = wrapper.framework; name = UserNotifications.framework; path = System/Library/Frameworks/UserNotifications.framework; sourceTree = SDKROOT; };
		CA2D6317207D110700CEA328 /* BaseClv.h */ = {isa = PBXFileReference; fileEncoding = 4; lastKnownFileType = sourcecode.c.h; path = BaseClv.h; sourceTree = "<group>"; };
		CA2D6318207D110700CEA328 /* BaseClv.m */ = {isa = PBXFileReference; fileEncoding = 4; lastKnownFileType = sourcecode.c.objc; path = BaseClv.m; sourceTree = "<group>"; };
		CA2EC1C2207355E600312C91 /* CalendarVC.h */ = {isa = PBXFileReference; lastKnownFileType = sourcecode.c.h; path = CalendarVC.h; sourceTree = "<group>"; };
		CA2EC1C3207355E600312C91 /* CalendarVC.m */ = {isa = PBXFileReference; lastKnownFileType = sourcecode.c.objc; path = CalendarVC.m; sourceTree = "<group>"; };
		CA39AF6C2095F16400D0C916 /* PickerPopUpCell.xib */ = {isa = PBXFileReference; fileEncoding = 4; lastKnownFileType = file.xib; path = PickerPopUpCell.xib; sourceTree = "<group>"; };
		CA39AF6D2095F16400D0C916 /* PickerPopUpVC.h */ = {isa = PBXFileReference; fileEncoding = 4; lastKnownFileType = sourcecode.c.h; path = PickerPopUpVC.h; sourceTree = "<group>"; };
		CA39AF6E2095F16400D0C916 /* PickerPopUpVC.m */ = {isa = PBXFileReference; fileEncoding = 4; lastKnownFileType = sourcecode.c.objc; path = PickerPopUpVC.m; sourceTree = "<group>"; };
		CA4530D720810B9500B71BCC /* Caculator.storyboard */ = {isa = PBXFileReference; lastKnownFileType = file.storyboard; path = Caculator.storyboard; sourceTree = "<group>"; };
		CA4530DA2081104A00B71BCC /* GateVC.h */ = {isa = PBXFileReference; lastKnownFileType = sourcecode.c.h; path = GateVC.h; sourceTree = "<group>"; };
		CA4530DB2081104A00B71BCC /* GateVC.m */ = {isa = PBXFileReference; lastKnownFileType = sourcecode.c.objc; path = GateVC.m; sourceTree = "<group>"; };
		CA4530DE2081120200B71BCC /* GateView.h */ = {isa = PBXFileReference; fileEncoding = 4; lastKnownFileType = sourcecode.c.h; path = GateView.h; sourceTree = "<group>"; };
		CA4530DF2081120200B71BCC /* GateView.m */ = {isa = PBXFileReference; fileEncoding = 4; lastKnownFileType = sourcecode.c.objc; path = GateView.m; sourceTree = "<group>"; };
		CA4BECB520692EDE00BA89C9 /* CaculatorVC.h */ = {isa = PBXFileReference; lastKnownFileType = sourcecode.c.h; path = CaculatorVC.h; sourceTree = "<group>"; };
		CA4BECB620692EDE00BA89C9 /* CaculatorVC.m */ = {isa = PBXFileReference; lastKnownFileType = sourcecode.c.objc; path = CaculatorVC.m; sourceTree = "<group>"; };
		CA5D817B205E5038005C23E6 /* SlideNavigationContorllerAnimator.h */ = {isa = PBXFileReference; fileEncoding = 4; lastKnownFileType = sourcecode.c.h; path = SlideNavigationContorllerAnimator.h; sourceTree = "<group>"; };
		CA5D817C205E5038005C23E6 /* SlideNavigationContorllerAnimatorFade.h */ = {isa = PBXFileReference; fileEncoding = 4; lastKnownFileType = sourcecode.c.h; path = SlideNavigationContorllerAnimatorFade.h; sourceTree = "<group>"; };
		CA5D817D205E5038005C23E6 /* SlideNavigationContorllerAnimatorFade.m */ = {isa = PBXFileReference; fileEncoding = 4; lastKnownFileType = sourcecode.c.objc; path = SlideNavigationContorllerAnimatorFade.m; sourceTree = "<group>"; };
		CA5D817E205E5038005C23E6 /* SlideNavigationContorllerAnimatorScale.h */ = {isa = PBXFileReference; fileEncoding = 4; lastKnownFileType = sourcecode.c.h; path = SlideNavigationContorllerAnimatorScale.h; sourceTree = "<group>"; };
		CA5D817F205E5038005C23E6 /* SlideNavigationContorllerAnimatorScale.m */ = {isa = PBXFileReference; fileEncoding = 4; lastKnownFileType = sourcecode.c.objc; path = SlideNavigationContorllerAnimatorScale.m; sourceTree = "<group>"; };
		CA5D8180205E5038005C23E6 /* SlideNavigationContorllerAnimatorScaleAndFade.h */ = {isa = PBXFileReference; fileEncoding = 4; lastKnownFileType = sourcecode.c.h; path = SlideNavigationContorllerAnimatorScaleAndFade.h; sourceTree = "<group>"; };
		CA5D8181205E5038005C23E6 /* SlideNavigationContorllerAnimatorScaleAndFade.m */ = {isa = PBXFileReference; fileEncoding = 4; lastKnownFileType = sourcecode.c.objc; path = SlideNavigationContorllerAnimatorScaleAndFade.m; sourceTree = "<group>"; };
		CA5D8182205E5038005C23E6 /* SlideNavigationContorllerAnimatorSlide.h */ = {isa = PBXFileReference; fileEncoding = 4; lastKnownFileType = sourcecode.c.h; path = SlideNavigationContorllerAnimatorSlide.h; sourceTree = "<group>"; };
		CA5D8183205E5038005C23E6 /* SlideNavigationContorllerAnimatorSlide.m */ = {isa = PBXFileReference; fileEncoding = 4; lastKnownFileType = sourcecode.c.objc; path = SlideNavigationContorllerAnimatorSlide.m; sourceTree = "<group>"; };
		CA5D8184205E5038005C23E6 /* SlideNavigationContorllerAnimatorSlideAndFade.h */ = {isa = PBXFileReference; fileEncoding = 4; lastKnownFileType = sourcecode.c.h; path = SlideNavigationContorllerAnimatorSlideAndFade.h; sourceTree = "<group>"; };
		CA5D8185205E5038005C23E6 /* SlideNavigationContorllerAnimatorSlideAndFade.m */ = {isa = PBXFileReference; fileEncoding = 4; lastKnownFileType = sourcecode.c.objc; path = SlideNavigationContorllerAnimatorSlideAndFade.m; sourceTree = "<group>"; };
		CA5D8187205E5038005C23E6 /* SlideNavigationController.h */ = {isa = PBXFileReference; fileEncoding = 4; lastKnownFileType = sourcecode.c.h; path = SlideNavigationController.h; sourceTree = "<group>"; };
		CA5D8188205E5038005C23E6 /* SlideNavigationController.m */ = {isa = PBXFileReference; fileEncoding = 4; lastKnownFileType = sourcecode.c.objc; path = SlideNavigationController.m; sourceTree = "<group>"; };
		CA5D8190205E5049005C23E6 /* API.h */ = {isa = PBXFileReference; fileEncoding = 4; lastKnownFileType = sourcecode.c.h; path = API.h; sourceTree = "<group>"; };
		CA5D8191205E5049005C23E6 /* API.m */ = {isa = PBXFileReference; fileEncoding = 4; lastKnownFileType = sourcecode.c.objc; path = API.m; sourceTree = "<group>"; };
		CA5D8193205E5049005C23E6 /* Configure.h */ = {isa = PBXFileReference; fileEncoding = 4; lastKnownFileType = sourcecode.c.h; path = Configure.h; sourceTree = "<group>"; };
		CA5D8194205E5049005C23E6 /* Configure.m */ = {isa = PBXFileReference; fileEncoding = 4; lastKnownFileType = sourcecode.c.objc; path = Configure.m; sourceTree = "<group>"; };
		CA5D8198205E508B005C23E6 /* UserDto.h */ = {isa = PBXFileReference; fileEncoding = 4; lastKnownFileType = sourcecode.c.h; path = UserDto.h; sourceTree = "<group>"; };
		CA5D8199205E508B005C23E6 /* UserDto.m */ = {isa = PBXFileReference; fileEncoding = 4; lastKnownFileType = sourcecode.c.objc; path = UserDto.m; sourceTree = "<group>"; };
		CA5D819C205E510E005C23E6 /* BaseDto.h */ = {isa = PBXFileReference; fileEncoding = 4; lastKnownFileType = sourcecode.c.h; path = BaseDto.h; sourceTree = "<group>"; };
		CA5D819D205E510E005C23E6 /* BaseDto.m */ = {isa = PBXFileReference; fileEncoding = 4; lastKnownFileType = sourcecode.c.objc; path = BaseDto.m; sourceTree = "<group>"; };
		CA61B98F20635DC00022A097 /* Overview.storyboard */ = {isa = PBXFileReference; lastKnownFileType = file.storyboard; path = Overview.storyboard; sourceTree = "<group>"; };
		CA61B99220635E0C0022A097 /* OverViewVC.h */ = {isa = PBXFileReference; lastKnownFileType = sourcecode.c.h; path = OverViewVC.h; sourceTree = "<group>"; };
		CA61B99320635E0C0022A097 /* OverViewVC.m */ = {isa = PBXFileReference; lastKnownFileType = sourcecode.c.objc; path = OverViewVC.m; sourceTree = "<group>"; };
		CA681C602095939300ADFF7A /* VCFloatingActionButton.m */ = {isa = PBXFileReference; fileEncoding = 4; lastKnownFileType = sourcecode.c.objc; path = VCFloatingActionButton.m; sourceTree = "<group>"; };
		CA681C612095939300ADFF7A /* VCFloatingActionButton.h */ = {isa = PBXFileReference; fileEncoding = 4; lastKnownFileType = sourcecode.c.h; path = VCFloatingActionButton.h; sourceTree = "<group>"; };
		CA681C63209595B800ADFF7A /* floatTableViewCell.xib */ = {isa = PBXFileReference; fileEncoding = 4; lastKnownFileType = file.xib; path = floatTableViewCell.xib; sourceTree = "<group>"; };
		CA681C64209595B800ADFF7A /* floatTableViewCell.m */ = {isa = PBXFileReference; fileEncoding = 4; lastKnownFileType = sourcecode.c.objc; path = floatTableViewCell.m; sourceTree = "<group>"; };
		CA681C65209595B800ADFF7A /* floatTableViewCell.h */ = {isa = PBXFileReference; fileEncoding = 4; lastKnownFileType = sourcecode.c.h; path = floatTableViewCell.h; sourceTree = "<group>"; };
		CA681C692095A8E100ADFF7A /* AlertPickerVC.m */ = {isa = PBXFileReference; fileEncoding = 4; lastKnownFileType = sourcecode.c.objc; path = AlertPickerVC.m; sourceTree = "<group>"; };
		CA681C6A2095A8E100ADFF7A /* AlertPickerVC.h */ = {isa = PBXFileReference; fileEncoding = 4; lastKnownFileType = sourcecode.c.h; path = AlertPickerVC.h; sourceTree = "<group>"; };
		CA6CFE38206C94E5001314AB /* HButton.h */ = {isa = PBXFileReference; fileEncoding = 4; lastKnownFileType = sourcecode.c.h; path = HButton.h; sourceTree = "<group>"; };
		CA6CFE39206C94E5001314AB /* HButton.m */ = {isa = PBXFileReference; fileEncoding = 4; lastKnownFileType = sourcecode.c.objc; path = HButton.m; sourceTree = "<group>"; };
		CA6CFE3C206CF1E9001314AB /* ChosseCategory.xib */ = {isa = PBXFileReference; lastKnownFileType = file.xib; path = ChosseCategory.xib; sourceTree = "<group>"; };
		CA6CFE3E206CF20B001314AB /* ChosseCategory.h */ = {isa = PBXFileReference; lastKnownFileType = sourcecode.c.h; path = ChosseCategory.h; sourceTree = "<group>"; };
		CA6CFE3F206CF20B001314AB /* ChosseCategory.m */ = {isa = PBXFileReference; lastKnownFileType = sourcecode.c.objc; path = ChosseCategory.m; sourceTree = "<group>"; };
		CA6F0558207E5F500049C615 /* JarDetailVC.h */ = {isa = PBXFileReference; lastKnownFileType = sourcecode.c.h; path = JarDetailVC.h; sourceTree = "<group>"; };
		CA6F0559207E5F500049C615 /* JarDetailVC.m */ = {isa = PBXFileReference; lastKnownFileType = sourcecode.c.objc; path = JarDetailVC.m; sourceTree = "<group>"; };
		CA6F055C207E621D0049C615 /* JarDetailCell.h */ = {isa = PBXFileReference; lastKnownFileType = sourcecode.c.h; path = JarDetailCell.h; sourceTree = "<group>"; };
		CA6F055D207E621D0049C615 /* JarDetailCell.m */ = {isa = PBXFileReference; lastKnownFileType = sourcecode.c.objc; path = JarDetailCell.m; sourceTree = "<group>"; };
		CA70137E2076136700962831 /* CategoryDto.h */ = {isa = PBXFileReference; lastKnownFileType = sourcecode.c.h; path = CategoryDto.h; sourceTree = "<group>"; };
		CA70137F2076136700962831 /* CategoryDto.m */ = {isa = PBXFileReference; lastKnownFileType = sourcecode.c.objc; path = CategoryDto.m; sourceTree = "<group>"; };
		CA701386207613A900962831 /* JarDto.h */ = {isa = PBXFileReference; lastKnownFileType = sourcecode.c.h; path = JarDto.h; sourceTree = "<group>"; };
		CA701387207613A900962831 /* JarDto.m */ = {isa = PBXFileReference; lastKnownFileType = sourcecode.c.objc; path = JarDto.m; sourceTree = "<group>"; };
		CA7300D4206E1A640085E616 /* BaseColCell.h */ = {isa = PBXFileReference; lastKnownFileType = sourcecode.c.h; path = BaseColCell.h; sourceTree = "<group>"; };
		CA7300D5206E1A640085E616 /* BaseColCell.m */ = {isa = PBXFileReference; lastKnownFileType = sourcecode.c.objc; path = BaseColCell.m; sourceTree = "<group>"; };
		CA7300D7206E1A770085E616 /* CategoryCell.h */ = {isa = PBXFileReference; lastKnownFileType = sourcecode.c.h; path = CategoryCell.h; sourceTree = "<group>"; };
		CA7300D8206E1A770085E616 /* CategoryCell.m */ = {isa = PBXFileReference; lastKnownFileType = sourcecode.c.objc; path = CategoryCell.m; sourceTree = "<group>"; };
		CA7656FC205EB62000751B9F /* BaseCell.h */ = {isa = PBXFileReference; fileEncoding = 4; lastKnownFileType = sourcecode.c.h; path = BaseCell.h; sourceTree = "<group>"; };
		CA7656FD205EB62000751B9F /* BaseCell.m */ = {isa = PBXFileReference; fileEncoding = 4; lastKnownFileType = sourcecode.c.objc; path = BaseCell.m; sourceTree = "<group>"; };
		CA7656FF205EB62100751B9F /* BaseTBV.h */ = {isa = PBXFileReference; fileEncoding = 4; lastKnownFileType = sourcecode.c.h; path = BaseTBV.h; sourceTree = "<group>"; };
		CA765700205EB62100751B9F /* BaseTBV.m */ = {isa = PBXFileReference; fileEncoding = 4; lastKnownFileType = sourcecode.c.objc; path = BaseTBV.m; sourceTree = "<group>"; };
		CA765702205EB62100751B9F /* BaseNV.h */ = {isa = PBXFileReference; fileEncoding = 4; lastKnownFileType = sourcecode.c.h; path = BaseNV.h; sourceTree = "<group>"; };
		CA765703205EB62100751B9F /* BaseNV.m */ = {isa = PBXFileReference; fileEncoding = 4; lastKnownFileType = sourcecode.c.objc; path = BaseNV.m; sourceTree = "<group>"; };
		CA765705205EB62100751B9F /* BaseVC.h */ = {isa = PBXFileReference; fileEncoding = 4; lastKnownFileType = sourcecode.c.h; path = BaseVC.h; sourceTree = "<group>"; };
		CA765706205EB62100751B9F /* BaseVC.m */ = {isa = PBXFileReference; fileEncoding = 4; lastKnownFileType = sourcecode.c.objc; path = BaseVC.m; sourceTree = "<group>"; };
		CA76570C205EB69B00751B9F /* define.h */ = {isa = PBXFileReference; fileEncoding = 4; lastKnownFileType = sourcecode.c.h; path = define.h; sourceTree = "<group>"; };
		CA76570D205EB70300751B9F /* Login.storyboard */ = {isa = PBXFileReference; lastKnownFileType = file.storyboard; path = Login.storyboard; sourceTree = "<group>"; };
		CA765710205EB72500751B9F /* MenuVC.h */ = {isa = PBXFileReference; fileEncoding = 4; lastKnownFileType = sourcecode.c.h; path = MenuVC.h; sourceTree = "<group>"; };
		CA765711205EB72500751B9F /* MenuVC.m */ = {isa = PBXFileReference; fileEncoding = 4; lastKnownFileType = sourcecode.c.objc; path = MenuVC.m; sourceTree = "<group>"; };
		CA765715205EB72C00751B9F /* SignInVC.h */ = {isa = PBXFileReference; fileEncoding = 4; lastKnownFileType = sourcecode.c.h; path = SignInVC.h; sourceTree = "<group>"; };
		CA765716205EB72C00751B9F /* SignInVC.m */ = {isa = PBXFileReference; fileEncoding = 4; lastKnownFileType = sourcecode.c.objc; path = SignInVC.m; sourceTree = "<group>"; };
		CA765718205EB72C00751B9F /* SignUpVC.h */ = {isa = PBXFileReference; fileEncoding = 4; lastKnownFileType = sourcecode.c.h; path = SignUpVC.h; sourceTree = "<group>"; };
		CA765719205EB72C00751B9F /* SignUpVC.m */ = {isa = PBXFileReference; fileEncoding = 4; lastKnownFileType = sourcecode.c.objc; path = SignUpVC.m; sourceTree = "<group>"; };
		CA76571B205EB72C00751B9F /* WelcomeVC.h */ = {isa = PBXFileReference; fileEncoding = 4; lastKnownFileType = sourcecode.c.h; path = WelcomeVC.h; sourceTree = "<group>"; };
		CA76571C205EB72C00751B9F /* WelcomeVC.m */ = {isa = PBXFileReference; fileEncoding = 4; lastKnownFileType = sourcecode.c.objc; path = WelcomeVC.m; sourceTree = "<group>"; };
		CA81D4AD208AD9D500A35E2F /* ProfileVC.h */ = {isa = PBXFileReference; lastKnownFileType = sourcecode.c.h; path = ProfileVC.h; sourceTree = "<group>"; };
		CA81D4AE208AD9D500A35E2F /* ProfileVC.m */ = {isa = PBXFileReference; lastKnownFileType = sourcecode.c.objc; path = ProfileVC.m; sourceTree = "<group>"; };
		CAAE4598205CB14D00090152 /* FinacialManager_iOS.app */ = {isa = PBXFileReference; explicitFileType = wrapper.application; includeInIndex = 0; path = FinacialManager_iOS.app; sourceTree = BUILT_PRODUCTS_DIR; };
		CAAE459B205CB14D00090152 /* AppDelegate.h */ = {isa = PBXFileReference; lastKnownFileType = sourcecode.c.h; path = AppDelegate.h; sourceTree = "<group>"; };
		CAAE459C205CB14D00090152 /* AppDelegate.m */ = {isa = PBXFileReference; lastKnownFileType = sourcecode.c.objc; path = AppDelegate.m; sourceTree = "<group>"; };
		CAAE45A2205CB14D00090152 /* Base */ = {isa = PBXFileReference; lastKnownFileType = file.storyboard; name = Base; path = Base.lproj/Main.storyboard; sourceTree = "<group>"; };
		CAAE45A4205CB14D00090152 /* Assets.xcassets */ = {isa = PBXFileReference; lastKnownFileType = folder.assetcatalog; path = Assets.xcassets; sourceTree = "<group>"; };
		CAAE45A7205CB14D00090152 /* Base */ = {isa = PBXFileReference; lastKnownFileType = file.storyboard; name = Base; path = Base.lproj/LaunchScreen.storyboard; sourceTree = "<group>"; };
		CAAE45A9205CB14D00090152 /* Info.plist */ = {isa = PBXFileReference; lastKnownFileType = text.plist.xml; path = Info.plist; sourceTree = "<group>"; };
		CAAE45AA205CB14D00090152 /* main.m */ = {isa = PBXFileReference; lastKnownFileType = sourcecode.c.objc; path = main.m; sourceTree = "<group>"; };
		CAAE45B0205CB14D00090152 /* FinacialManager_iOSUITests.xctest */ = {isa = PBXFileReference; explicitFileType = wrapper.cfbundle; includeInIndex = 0; path = FinacialManager_iOSUITests.xctest; sourceTree = BUILT_PRODUCTS_DIR; };
		CAAE45B4205CB14D00090152 /* FinacialManager_iOSUITests.m */ = {isa = PBXFileReference; lastKnownFileType = sourcecode.c.objc; path = FinacialManager_iOSUITests.m; sourceTree = "<group>"; };
		CAAE45B6205CB14D00090152 /* Info.plist */ = {isa = PBXFileReference; lastKnownFileType = text.plist.xml; path = Info.plist; sourceTree = "<group>"; };
		CABBA12A206A164600254F95 /* NSString+Util.h */ = {isa = PBXFileReference; fileEncoding = 4; lastKnownFileType = sourcecode.c.h; path = "NSString+Util.h"; sourceTree = "<group>"; };
		CABBA12B206A164600254F95 /* NSString+Util.m */ = {isa = PBXFileReference; fileEncoding = 4; lastKnownFileType = sourcecode.c.objc; path = "NSString+Util.m"; sourceTree = "<group>"; };
		CABBA150206A166700254F95 /* UIView+Util.h */ = {isa = PBXFileReference; fileEncoding = 4; lastKnownFileType = sourcecode.c.h; path = "UIView+Util.h"; sourceTree = "<group>"; };
		CABBA151206A166700254F95 /* UIView+Util.m */ = {isa = PBXFileReference; fileEncoding = 4; lastKnownFileType = sourcecode.c.objc; path = "UIView+Util.m"; sourceTree = "<group>"; };
		CABBA15F206A169C00254F95 /* UIButton+Button.h */ = {isa = PBXFileReference; lastKnownFileType = sourcecode.c.h; path = "UIButton+Button.h"; sourceTree = "<group>"; };
		CABBA160206A169C00254F95 /* UIButton+Button.m */ = {isa = PBXFileReference; lastKnownFileType = sourcecode.c.objc; path = "UIButton+Button.m"; sourceTree = "<group>"; };
		CACAA6A3205EBDFB0096DB80 /* MenuDto.h */ = {isa = PBXFileReference; fileEncoding = 4; lastKnownFileType = sourcecode.c.h; path = MenuDto.h; sourceTree = "<group>"; };
		CACAA6A4205EBDFB0096DB80 /* MenuDto.m */ = {isa = PBXFileReference; fileEncoding = 4; lastKnownFileType = sourcecode.c.objc; path = MenuDto.m; sourceTree = "<group>"; };
		CAFB8F7220720B35009EA2B3 /* MView.h */ = {isa = PBXFileReference; lastKnownFileType = sourcecode.c.h; path = MView.h; sourceTree = "<group>"; };
		CAFB8F7320720B35009EA2B3 /* MView.m */ = {isa = PBXFileReference; lastKnownFileType = sourcecode.c.objc; path = MView.m; sourceTree = "<group>"; };
		CAFB8F7520721C46009EA2B3 /* Common.storyboard */ = {isa = PBXFileReference; lastKnownFileType = file.storyboard; path = Common.storyboard; sourceTree = "<group>"; };
		CAFB8F7920721D24009EA2B3 /* AlertVC.h */ = {isa = PBXFileReference; lastKnownFileType = sourcecode.c.h; path = AlertVC.h; sourceTree = "<group>"; };
		CAFB8F7A20721D24009EA2B3 /* AlertVC.m */ = {isa = PBXFileReference; lastKnownFileType = sourcecode.c.objc; path = AlertVC.m; sourceTree = "<group>"; };
		D588D0FF675FE055EA9BC3EB /* Pods-FinacialManager_iOSUITests.release.xcconfig */ = {isa = PBXFileReference; includeInIndex = 1; lastKnownFileType = text.xcconfig; name = "Pods-FinacialManager_iOSUITests.release.xcconfig"; path = "Pods/Target Support Files/Pods-FinacialManager_iOSUITests/Pods-FinacialManager_iOSUITests.release.xcconfig"; sourceTree = "<group>"; };
		E119DCAFB56F754334F1C8B2 /* Pods-FinacialManager_iOS.release.xcconfig */ = {isa = PBXFileReference; includeInIndex = 1; lastKnownFileType = text.xcconfig; name = "Pods-FinacialManager_iOS.release.xcconfig"; path = "Pods/Target Support Files/Pods-FinacialManager_iOS/Pods-FinacialManager_iOS.release.xcconfig"; sourceTree = "<group>"; };
/* End PBXFileReference section */

/* Begin PBXFrameworksBuildPhase section */
		CAAE4595205CB14D00090152 /* Frameworks */ = {
			isa = PBXFrameworksBuildPhase;
			buildActionMask = 2147483647;
			files = (
				CA2B86FA20729C8E000FF7FC /* UserNotificationsUI.framework in Frameworks */,
				CA2B86FB20729C8E000FF7FC /* UserNotifications.framework in Frameworks */,
				D86EC0AB6B01FFB544B22433 /* libPods-FinacialManager_iOS.a in Frameworks */,
			);
			runOnlyForDeploymentPostprocessing = 0;
		};
		CAAE45AD205CB14D00090152 /* Frameworks */ = {
			isa = PBXFrameworksBuildPhase;
			buildActionMask = 2147483647;
			files = (
				C77F7C9BE87C4BDDB6200893 /* libPods-FinacialManager_iOSUITests.a in Frameworks */,
			);
			runOnlyForDeploymentPostprocessing = 0;
		};
/* End PBXFrameworksBuildPhase section */

/* Begin PBXGroup section */
		42F72D992077B3B40014173E /* TypesDto */ = {
			isa = PBXGroup;
			children = (
				42F72D9A2077B4000014173E /* TypeDto.h */,
				42F72D9B2077B4000014173E /* TypeDto.m */,
			);
			path = TypesDto;
			sourceTree = "<group>";
		};
		49B80F489F95FDCAA352B663 /* Frameworks */ = {
			isa = PBXGroup;
			children = (
				CA2B86F920729C8E000FF7FC /* UserNotifications.framework */,
				CA2B86F820729C8E000FF7FC /* UserNotificationsUI.framework */,
				A14EA6208C98D76168B421F4 /* libPods-FinacialManager_iOS.a */,
				888FDD289807EEC14A2CDE39 /* libPods-FinacialManager_iOSUITests.a */,
			);
			name = Frameworks;
			sourceTree = "<group>";
		};
		4CBC7ECC4D21A08B23D37C38 /* Pods */ = {
			isa = PBXGroup;
			children = (
				289502364A49E235EF2CD79C /* Pods-FinacialManager_iOS.debug.xcconfig */,
				E119DCAFB56F754334F1C8B2 /* Pods-FinacialManager_iOS.release.xcconfig */,
				A388AB52E29658A3070DAD2E /* Pods-FinacialManager_iOSUITests.debug.xcconfig */,
				D588D0FF675FE055EA9BC3EB /* Pods-FinacialManager_iOSUITests.release.xcconfig */,
			);
			name = Pods;
			sourceTree = "<group>";
		};
		CA0284082091B95200682236 /* DetailJarDto */ = {
			isa = PBXGroup;
			children = (
				CA0284092091B97300682236 /* DetailJarDto.h */,
				CA02840A2091B97300682236 /* DetailJarDto.m */,
			);
			path = DetailJarDto;
			sourceTree = "<group>";
		};
		CA02840C2091BA6F00682236 /* NSDate */ = {
			isa = PBXGroup;
			children = (
				CA0284762091BB6C00682236 /* TimeZone */,
				CA0284102091BAEF00682236 /* DateFormatter */,
				CA02847C2091C4F500682236 /* NSDateEx */,
			);
			path = NSDate;
			sourceTree = "<group>";
		};
		CA0284102091BAEF00682236 /* DateFormatter */ = {
			isa = PBXGroup;
			children = (
				CA0284112091BAEF00682236 /* NSDateFormatter+Util.h */,
				CA0284122091BAEF00682236 /* NSDateFormatter+Util.m */,
			);
			path = DateFormatter;
			sourceTree = "<group>";
		};
		CA0284762091BB6C00682236 /* TimeZone */ = {
			isa = PBXGroup;
			children = (
				CA0284772091BB6C00682236 /* NSTimeZone+Util.h */,
				CA0284782091BB6C00682236 /* NSTimeZone+Util.m */,
			);
			path = TimeZone;
			sourceTree = "<group>";
		};
		CA02847C2091C4F500682236 /* NSDateEx */ = {
			isa = PBXGroup;
			children = (
				CA0284802091C51200682236 /* NSDate+NSDateEx.h */,
				CA0284812091C51200682236 /* NSDate+NSDateEx.m */,
			);
			path = NSDateEx;
			sourceTree = "<group>";
		};
		CA23AF2D207CFE97001662D8 /* StatesDto */ = {
			isa = PBXGroup;
			children = (
				CA23AF2E207CFEB9001662D8 /* StatesDto.h */,
				CA23AF2F207CFEB9001662D8 /* StatesDto.m */,
			);
			path = StatesDto;
			sourceTree = "<group>";
		};
		CA2D6316207D110700CEA328 /* BaseClv */ = {
			isa = PBXGroup;
			children = (
				CA2D6317207D110700CEA328 /* BaseClv.h */,
				CA2D6318207D110700CEA328 /* BaseClv.m */,
			);
			path = BaseClv;
			sourceTree = "<group>";
		};
		CA2EC1C0207355C700312C91 /* CalendarVC */ = {
			isa = PBXGroup;
			children = (
				CA2EC1C2207355E600312C91 /* CalendarVC.h */,
				CA2EC1C3207355E600312C91 /* CalendarVC.m */,
			);
			path = CalendarVC;
			sourceTree = "<group>";
		};
		CA39AF6B2095F16400D0C916 /* PickerPopUp */ = {
			isa = PBXGroup;
			children = (
				CA39AF6C2095F16400D0C916 /* PickerPopUpCell.xib */,
				CA39AF6D2095F16400D0C916 /* PickerPopUpVC.h */,
				CA39AF6E2095F16400D0C916 /* PickerPopUpVC.m */,
			);
			path = PickerPopUp;
			sourceTree = "<group>";
		};
		CA4530D92081102300B71BCC /* GateVC */ = {
			isa = PBXGroup;
			children = (
				CA4530DD2081120200B71BCC /* GateView */,
				CA4530DA2081104A00B71BCC /* GateVC.h */,
				CA4530DB2081104A00B71BCC /* GateVC.m */,
			);
			path = GateVC;
			sourceTree = "<group>";
		};
		CA4530DD2081120200B71BCC /* GateView */ = {
			isa = PBXGroup;
			children = (
				CA4530DE2081120200B71BCC /* GateView.h */,
				CA4530DF2081120200B71BCC /* GateView.m */,
			);
			path = GateView;
			sourceTree = "<group>";
		};
		CA4BECB420692EBD00BA89C9 /* CaculatorVC */ = {
			isa = PBXGroup;
			children = (
				CA7300D2206E1A180085E616 /* CategoryCell */,
				CA4BECB520692EDE00BA89C9 /* CaculatorVC.h */,
				CA4BECB620692EDE00BA89C9 /* CaculatorVC.m */,
			);
			path = CaculatorVC;
			sourceTree = "<group>";
		};
		CA5D8163205E4F91005C23E6 /* Classes */ = {
			isa = PBXGroup;
			children = (
				CA76570C205EB69B00751B9F /* define.h */,
				CA76570B205EB64E00751B9F /* Base */,
				CA5D8168205E4FB8005C23E6 /* AppDelegate */,
				CA5D8164205E4F99005C23E6 /* Manager */,
				CA5D8167205E4FB1005C23E6 /* Models */,
				CA5D8166205E4FA8005C23E6 /* Controllers */,
				CA5D8165205E4FA3005C23E6 /* View */,
				CABBA128206A161E00254F95 /* Category */,
			);
			path = Classes;
			sourceTree = "<group>";
		};
		CA5D8164205E4F99005C23E6 /* Manager */ = {
			isa = PBXGroup;
			children = (
				CA5D818F205E5049005C23E6 /* API */,
				CA5D8192205E5049005C23E6 /* Configure */,
			);
			path = Manager;
			sourceTree = "<group>";
		};
		CA5D8165205E4FA3005C23E6 /* View */ = {
			isa = PBXGroup;
			children = (
				CA681C5F2095938300ADFF7A /* FloatingButton */,
				CAFB8F7120720B21009EA2B3 /* MView */,
				CA6CFE3B206CF1BD001314AB /* ChosseCategory */,
				CA5D817A205E5038005C23E6 /* AnimationsSlideNav */,
				CA5D8186205E5038005C23E6 /* SlideNavigationController */,
			);
			path = View;
			sourceTree = "<group>";
		};
		CA5D8166205E4FA8005C23E6 /* Controllers */ = {
			isa = PBXGroup;
			children = (
				CA81D4AC208AD9AB00A35E2F /* ProfileVC */,
				CA6F0557207E5F380049C615 /* JarDetailVC */,
				CA2EC1C0207355C700312C91 /* CalendarVC */,
				CAFB8F7720721D06009EA2B3 /* Common */,
				CA4BECB420692EBD00BA89C9 /* CaculatorVC */,
				CA61B99120635DF20022A097 /* OverViewVC */,
				CA765713205EB72C00751B9F /* LoginVC */,
				CA76570F205EB72500751B9F /* MenuVC */,
			);
			path = Controllers;
			sourceTree = "<group>";
		};
		CA5D8167205E4FB1005C23E6 /* Models */ = {
			isa = PBXGroup;
			children = (
				CA0284082091B95200682236 /* DetailJarDto */,
				CA23AF2D207CFE97001662D8 /* StatesDto */,
				42F72D992077B3B40014173E /* TypesDto */,
				CA701389207613AC00962831 /* JarDto */,
				CACAA6A2205EBDFB0096DB80 /* MenuDto */,
				CA5D8197205E508B005C23E6 /* UserDto */,
				CA7013812076137300962831 /* CategoryDto */,
			);
			path = Models;
			sourceTree = "<group>";
		};
		CA5D8168205E4FB8005C23E6 /* AppDelegate */ = {
			isa = PBXGroup;
			children = (
				CAAE459B205CB14D00090152 /* AppDelegate.h */,
				CAAE459C205CB14D00090152 /* AppDelegate.m */,
			);
			path = AppDelegate;
			sourceTree = "<group>";
		};
		CA5D817A205E5038005C23E6 /* AnimationsSlideNav */ = {
			isa = PBXGroup;
			children = (
				CA5D817B205E5038005C23E6 /* SlideNavigationContorllerAnimator.h */,
				CA5D817C205E5038005C23E6 /* SlideNavigationContorllerAnimatorFade.h */,
				CA5D817D205E5038005C23E6 /* SlideNavigationContorllerAnimatorFade.m */,
				CA5D817E205E5038005C23E6 /* SlideNavigationContorllerAnimatorScale.h */,
				CA5D817F205E5038005C23E6 /* SlideNavigationContorllerAnimatorScale.m */,
				CA5D8180205E5038005C23E6 /* SlideNavigationContorllerAnimatorScaleAndFade.h */,
				CA5D8181205E5038005C23E6 /* SlideNavigationContorllerAnimatorScaleAndFade.m */,
				CA5D8182205E5038005C23E6 /* SlideNavigationContorllerAnimatorSlide.h */,
				CA5D8183205E5038005C23E6 /* SlideNavigationContorllerAnimatorSlide.m */,
				CA5D8184205E5038005C23E6 /* SlideNavigationContorllerAnimatorSlideAndFade.h */,
				CA5D8185205E5038005C23E6 /* SlideNavigationContorllerAnimatorSlideAndFade.m */,
			);
			path = AnimationsSlideNav;
			sourceTree = "<group>";
		};
		CA5D8186205E5038005C23E6 /* SlideNavigationController */ = {
			isa = PBXGroup;
			children = (
				CA5D8187205E5038005C23E6 /* SlideNavigationController.h */,
				CA5D8188205E5038005C23E6 /* SlideNavigationController.m */,
			);
			path = SlideNavigationController;
			sourceTree = "<group>";
		};
		CA5D818F205E5049005C23E6 /* API */ = {
			isa = PBXGroup;
			children = (
				CA5D8190205E5049005C23E6 /* API.h */,
				CA5D8191205E5049005C23E6 /* API.m */,
			);
			path = API;
			sourceTree = "<group>";
		};
		CA5D8192205E5049005C23E6 /* Configure */ = {
			isa = PBXGroup;
			children = (
				CA5D8193205E5049005C23E6 /* Configure.h */,
				CA5D8194205E5049005C23E6 /* Configure.m */,
			);
			path = Configure;
			sourceTree = "<group>";
		};
		CA5D8197205E508B005C23E6 /* UserDto */ = {
			isa = PBXGroup;
			children = (
				CA5D8198205E508B005C23E6 /* UserDto.h */,
				CA5D8199205E508B005C23E6 /* UserDto.m */,
			);
			path = UserDto;
			sourceTree = "<group>";
		};
		CA5D819B205E510E005C23E6 /* BaseDto */ = {
			isa = PBXGroup;
			children = (
				CA5D819C205E510E005C23E6 /* BaseDto.h */,
				CA5D819D205E510E005C23E6 /* BaseDto.m */,
			);
			path = BaseDto;
			sourceTree = "<group>";
		};
		CA5D819F205E5204005C23E6 /* Resources */ = {
			isa = PBXGroup;
			children = (
				CA5D81A1205E5226005C23E6 /* Storyboard */,
				CA5D81A0205E5210005C23E6 /* Image */,
			);
			path = Resources;
			sourceTree = "<group>";
		};
		CA5D81A0205E5210005C23E6 /* Image */ = {
			isa = PBXGroup;
			children = (
				CAAE45A4205CB14D00090152 /* Assets.xcassets */,
			);
			path = Image;
			sourceTree = "<group>";
		};
		CA5D81A1205E5226005C23E6 /* Storyboard */ = {
			isa = PBXGroup;
			children = (
				CAAE45A1205CB14D00090152 /* Main.storyboard */,
				CAAE45A6205CB14D00090152 /* LaunchScreen.storyboard */,
				CA76570D205EB70300751B9F /* Login.storyboard */,
				CA61B98F20635DC00022A097 /* Overview.storyboard */,
				CAFB8F7520721C46009EA2B3 /* Common.storyboard */,
				CA4530D720810B9500B71BCC /* Caculator.storyboard */,
			);
			path = Storyboard;
			sourceTree = "<group>";
		};
		CA61B99120635DF20022A097 /* OverViewVC */ = {
			isa = PBXGroup;
			children = (
				CA61B99220635E0C0022A097 /* OverViewVC.h */,
				CA61B99320635E0C0022A097 /* OverViewVC.m */,
			);
			path = OverViewVC;
			sourceTree = "<group>";
		};
		CA681C5F2095938300ADFF7A /* FloatingButton */ = {
			isa = PBXGroup;
			children = (
				CA681C65209595B800ADFF7A /* floatTableViewCell.h */,
				CA681C64209595B800ADFF7A /* floatTableViewCell.m */,
				CA681C63209595B800ADFF7A /* floatTableViewCell.xib */,
				CA681C612095939300ADFF7A /* VCFloatingActionButton.h */,
				CA681C602095939300ADFF7A /* VCFloatingActionButton.m */,
			);
			path = FloatingButton;
			sourceTree = "<group>";
		};
		CA681C682095A8D600ADFF7A /* AlertPickerVC */ = {
			isa = PBXGroup;
			children = (
				CA681C6A2095A8E100ADFF7A /* AlertPickerVC.h */,
				CA681C692095A8E100ADFF7A /* AlertPickerVC.m */,
			);
			path = AlertPickerVC;
			sourceTree = "<group>";
		};
		CA6CFE37206C94E5001314AB /* HButton */ = {
			isa = PBXGroup;
			children = (
				CA6CFE38206C94E5001314AB /* HButton.h */,
				CA6CFE39206C94E5001314AB /* HButton.m */,
			);
			path = HButton;
			sourceTree = "<group>";
		};
		CA6CFE3B206CF1BD001314AB /* ChosseCategory */ = {
			isa = PBXGroup;
			children = (
				CA6CFE3C206CF1E9001314AB /* ChosseCategory.xib */,
				CA6CFE3E206CF20B001314AB /* ChosseCategory.h */,
				CA6CFE3F206CF20B001314AB /* ChosseCategory.m */,
			);
			path = ChosseCategory;
			sourceTree = "<group>";
		};
		CA6F0557207E5F380049C615 /* JarDetailVC */ = {
			isa = PBXGroup;
			children = (
				CA6F055B207E620E0049C615 /* JarDetailCell */,
				CA6F0558207E5F500049C615 /* JarDetailVC.h */,
				CA6F0559207E5F500049C615 /* JarDetailVC.m */,
			);
			path = JarDetailVC;
			sourceTree = "<group>";
		};
		CA6F055B207E620E0049C615 /* JarDetailCell */ = {
			isa = PBXGroup;
			children = (
				CA6F055C207E621D0049C615 /* JarDetailCell.h */,
				CA6F055D207E621D0049C615 /* JarDetailCell.m */,
			);
			path = JarDetailCell;
			sourceTree = "<group>";
		};
		CA7013812076137300962831 /* CategoryDto */ = {
			isa = PBXGroup;
			children = (
				CA70137E2076136700962831 /* CategoryDto.h */,
				CA70137F2076136700962831 /* CategoryDto.m */,
			);
			path = CategoryDto;
			sourceTree = "<group>";
		};
		CA701389207613AC00962831 /* JarDto */ = {
			isa = PBXGroup;
			children = (
				CA701386207613A900962831 /* JarDto.h */,
				CA701387207613A900962831 /* JarDto.m */,
			);
			path = JarDto;
			sourceTree = "<group>";
		};
		CA7300D2206E1A180085E616 /* CategoryCell */ = {
			isa = PBXGroup;
			children = (
				CA7300D7206E1A770085E616 /* CategoryCell.h */,
				CA7300D8206E1A770085E616 /* CategoryCell.m */,
			);
			path = CategoryCell;
			sourceTree = "<group>";
		};
		CA7300D3206E1A520085E616 /* BaseColCell */ = {
			isa = PBXGroup;
			children = (
				CA7300D4206E1A640085E616 /* BaseColCell.h */,
				CA7300D5206E1A640085E616 /* BaseColCell.m */,
			);
			path = BaseColCell;
			sourceTree = "<group>";
		};
		CA7656FB205EB62000751B9F /* BaseCell */ = {
			isa = PBXGroup;
			children = (
				CA7656FC205EB62000751B9F /* BaseCell.h */,
				CA7656FD205EB62000751B9F /* BaseCell.m */,
			);
			path = BaseCell;
			sourceTree = "<group>";
		};
		CA7656FE205EB62100751B9F /* BaseTbv */ = {
			isa = PBXGroup;
			children = (
				CA7656FF205EB62100751B9F /* BaseTBV.h */,
				CA765700205EB62100751B9F /* BaseTBV.m */,
			);
			path = BaseTbv;
			sourceTree = "<group>";
		};
		CA765701205EB62100751B9F /* BaseNV */ = {
			isa = PBXGroup;
			children = (
				CA765702205EB62100751B9F /* BaseNV.h */,
				CA765703205EB62100751B9F /* BaseNV.m */,
			);
			path = BaseNV;
			sourceTree = "<group>";
		};
		CA765704205EB62100751B9F /* BaseVC */ = {
			isa = PBXGroup;
			children = (
				CA765705205EB62100751B9F /* BaseVC.h */,
				CA765706205EB62100751B9F /* BaseVC.m */,
			);
			path = BaseVC;
			sourceTree = "<group>";
		};
		CA76570B205EB64E00751B9F /* Base */ = {
			isa = PBXGroup;
			children = (
				CA2D6316207D110700CEA328 /* BaseClv */,
				CA7300D3206E1A520085E616 /* BaseColCell */,
				CA5D819B205E510E005C23E6 /* BaseDto */,
				CA7656FB205EB62000751B9F /* BaseCell */,
				CA765701205EB62100751B9F /* BaseNV */,
				CA7656FE205EB62100751B9F /* BaseTbv */,
				CA765704205EB62100751B9F /* BaseVC */,
			);
			path = Base;
			sourceTree = "<group>";
		};
		CA76570F205EB72500751B9F /* MenuVC */ = {
			isa = PBXGroup;
			children = (
				CA765710205EB72500751B9F /* MenuVC.h */,
				CA765711205EB72500751B9F /* MenuVC.m */,
			);
			path = MenuVC;
			sourceTree = "<group>";
		};
		CA765713205EB72C00751B9F /* LoginVC */ = {
			isa = PBXGroup;
			children = (
				CA4530D92081102300B71BCC /* GateVC */,
				CA765714205EB72C00751B9F /* SignInVC */,
				CA765717205EB72C00751B9F /* SignUpVC */,
				CA76571A205EB72C00751B9F /* WelcomeVC */,
			);
			path = LoginVC;
			sourceTree = "<group>";
		};
		CA765714205EB72C00751B9F /* SignInVC */ = {
			isa = PBXGroup;
			children = (
				CA765715205EB72C00751B9F /* SignInVC.h */,
				CA765716205EB72C00751B9F /* SignInVC.m */,
			);
			path = SignInVC;
			sourceTree = "<group>";
		};
		CA765717205EB72C00751B9F /* SignUpVC */ = {
			isa = PBXGroup;
			children = (
				CA765718205EB72C00751B9F /* SignUpVC.h */,
				CA765719205EB72C00751B9F /* SignUpVC.m */,
			);
			path = SignUpVC;
			sourceTree = "<group>";
		};
		CA76571A205EB72C00751B9F /* WelcomeVC */ = {
			isa = PBXGroup;
			children = (
				CA76571B205EB72C00751B9F /* WelcomeVC.h */,
				CA76571C205EB72C00751B9F /* WelcomeVC.m */,
			);
			path = WelcomeVC;
			sourceTree = "<group>";
		};
		CA81D4AC208AD9AB00A35E2F /* ProfileVC */ = {
			isa = PBXGroup;
			children = (
				CA81D4AD208AD9D500A35E2F /* ProfileVC.h */,
				CA81D4AE208AD9D500A35E2F /* ProfileVC.m */,
			);
			path = ProfileVC;
			sourceTree = "<group>";
		};
		CAAE458F205CB14D00090152 = {
			isa = PBXGroup;
			children = (
				CAAE459A205CB14D00090152 /* FinacialManager_iOS */,
				CAAE45B3205CB14D00090152 /* FinacialManager_iOSUITests */,
				CAAE4599205CB14D00090152 /* Products */,
				4CBC7ECC4D21A08B23D37C38 /* Pods */,
				49B80F489F95FDCAA352B663 /* Frameworks */,
			);
			sourceTree = "<group>";
		};
		CAAE4599205CB14D00090152 /* Products */ = {
			isa = PBXGroup;
			children = (
				CAAE4598205CB14D00090152 /* FinacialManager_iOS.app */,
				CAAE45B0205CB14D00090152 /* FinacialManager_iOSUITests.xctest */,
			);
			name = Products;
			sourceTree = "<group>";
		};
		CAAE459A205CB14D00090152 /* FinacialManager_iOS */ = {
			isa = PBXGroup;
			children = (
				CA5D8163205E4F91005C23E6 /* Classes */,
				CA5D819F205E5204005C23E6 /* Resources */,
				CAAE45A9205CB14D00090152 /* Info.plist */,
				CAAE45AA205CB14D00090152 /* main.m */,
			);
			path = FinacialManager_iOS;
			sourceTree = "<group>";
		};
		CAAE45B3205CB14D00090152 /* FinacialManager_iOSUITests */ = {
			isa = PBXGroup;
			children = (
				CAAE45B4205CB14D00090152 /* FinacialManager_iOSUITests.m */,
				CAAE45B6205CB14D00090152 /* Info.plist */,
			);
			path = FinacialManager_iOSUITests;
			sourceTree = "<group>";
		};
		CABBA128206A161E00254F95 /* Category */ = {
			isa = PBXGroup;
			children = (
				CA02840C2091BA6F00682236 /* NSDate */,
				CA6CFE37206C94E5001314AB /* HButton */,
				CABBA14F206A166700254F95 /* View */,
				CABBA15E206A167B00254F95 /* Button */,
				CABBA129206A164600254F95 /* NSString */,
			);
			name = Category;
			path = "New Group";
			sourceTree = "<group>";
		};
		CABBA129206A164600254F95 /* NSString */ = {
			isa = PBXGroup;
			children = (
				CABBA12A206A164600254F95 /* NSString+Util.h */,
				CABBA12B206A164600254F95 /* NSString+Util.m */,
			);
			path = NSString;
			sourceTree = "<group>";
		};
		CABBA14F206A166700254F95 /* View */ = {
			isa = PBXGroup;
			children = (
				CABBA150206A166700254F95 /* UIView+Util.h */,
				CABBA151206A166700254F95 /* UIView+Util.m */,
			);
			path = View;
			sourceTree = "<group>";
		};
		CABBA15E206A167B00254F95 /* Button */ = {
			isa = PBXGroup;
			children = (
				CABBA15F206A169C00254F95 /* UIButton+Button.h */,
				CABBA160206A169C00254F95 /* UIButton+Button.m */,
			);
			path = Button;
			sourceTree = "<group>";
		};
		CACAA6A2205EBDFB0096DB80 /* MenuDto */ = {
			isa = PBXGroup;
			children = (
				CACAA6A3205EBDFB0096DB80 /* MenuDto.h */,
				CACAA6A4205EBDFB0096DB80 /* MenuDto.m */,
			);
			path = MenuDto;
			sourceTree = "<group>";
		};
		CAFB8F7120720B21009EA2B3 /* MView */ = {
			isa = PBXGroup;
			children = (
				CAFB8F7220720B35009EA2B3 /* MView.h */,
				CAFB8F7320720B35009EA2B3 /* MView.m */,
			);
			path = MView;
			sourceTree = "<group>";
		};
		CAFB8F7720721D06009EA2B3 /* Common */ = {
			isa = PBXGroup;
			children = (
				CA681C682095A8D600ADFF7A /* AlertPickerVC */,
				CAFB8F7820721D0E009EA2B3 /* AlertVC */,
				CA39AF6B2095F16400D0C916 /* PickerPopUp */,
			);
			path = Common;
			sourceTree = "<group>";
		};
		CAFB8F7820721D0E009EA2B3 /* AlertVC */ = {
			isa = PBXGroup;
			children = (
				CAFB8F7920721D24009EA2B3 /* AlertVC.h */,
				CAFB8F7A20721D24009EA2B3 /* AlertVC.m */,
			);
			path = AlertVC;
			sourceTree = "<group>";
		};
/* End PBXGroup section */

/* Begin PBXNativeTarget section */
		CAAE4597205CB14D00090152 /* FinacialManager_iOS */ = {
			isa = PBXNativeTarget;
			buildConfigurationList = CAAE45B9205CB14D00090152 /* Build configuration list for PBXNativeTarget "FinacialManager_iOS" */;
			buildPhases = (
				26DAD81BC4172432737C62B0 /* [CP] Check Pods Manifest.lock */,
				CAAE4594205CB14D00090152 /* Sources */,
				CAAE4595205CB14D00090152 /* Frameworks */,
				CAAE4596205CB14D00090152 /* Resources */,
				E03AC6DA9A7165170D860C7D /* [CP] Embed Pods Frameworks */,
				BBAAAB5C47851D340CD69B28 /* [CP] Copy Pods Resources */,
			);
			buildRules = (
			);
			dependencies = (
			);
			name = FinacialManager_iOS;
			productName = FinacialManager_iOS;
			productReference = CAAE4598205CB14D00090152 /* FinacialManager_iOS.app */;
			productType = "com.apple.product-type.application";
		};
		CAAE45AF205CB14D00090152 /* FinacialManager_iOSUITests */ = {
			isa = PBXNativeTarget;
			buildConfigurationList = CAAE45BC205CB14D00090152 /* Build configuration list for PBXNativeTarget "FinacialManager_iOSUITests" */;
			buildPhases = (
				53C5340A4B2024DD9F316C9F /* [CP] Check Pods Manifest.lock */,
				CAAE45AC205CB14D00090152 /* Sources */,
				CAAE45AD205CB14D00090152 /* Frameworks */,
				CAAE45AE205CB14D00090152 /* Resources */,
				E98955F723B07FCC7D21044D /* [CP] Embed Pods Frameworks */,
				564AA5D9E27E6E0F99E45B77 /* [CP] Copy Pods Resources */,
			);
			buildRules = (
			);
			dependencies = (
				CAAE45B2205CB14D00090152 /* PBXTargetDependency */,
			);
			name = FinacialManager_iOSUITests;
			productName = FinacialManager_iOSUITests;
			productReference = CAAE45B0205CB14D00090152 /* FinacialManager_iOSUITests.xctest */;
			productType = "com.apple.product-type.bundle.ui-testing";
		};
/* End PBXNativeTarget section */

/* Begin PBXProject section */
		CAAE4590205CB14D00090152 /* Project object */ = {
			isa = PBXProject;
			attributes = {
				LastUpgradeCheck = 0920;
				ORGANIZATIONNAME = ThanhSon;
				TargetAttributes = {
					CAAE4597205CB14D00090152 = {
						CreatedOnToolsVersion = 9.2;
						ProvisioningStyle = Automatic;
					};
					CAAE45AF205CB14D00090152 = {
						CreatedOnToolsVersion = 9.2;
						ProvisioningStyle = Automatic;
						TestTargetID = CAAE4597205CB14D00090152;
					};
				};
			};
			buildConfigurationList = CAAE4593205CB14D00090152 /* Build configuration list for PBXProject "FinacialManager_iOS" */;
			compatibilityVersion = "Xcode 8.0";
			developmentRegion = en;
			hasScannedForEncodings = 0;
			knownRegions = (
				en,
				Base,
			);
			mainGroup = CAAE458F205CB14D00090152;
			productRefGroup = CAAE4599205CB14D00090152 /* Products */;
			projectDirPath = "";
			projectRoot = "";
			targets = (
				CAAE4597205CB14D00090152 /* FinacialManager_iOS */,
				CAAE45AF205CB14D00090152 /* FinacialManager_iOSUITests */,
			);
		};
/* End PBXProject section */

/* Begin PBXResourcesBuildPhase section */
		CAAE4596205CB14D00090152 /* Resources */ = {
			isa = PBXResourcesBuildPhase;
			buildActionMask = 2147483647;
			files = (
				CA76570E205EB70300751B9F /* Login.storyboard in Resources */,
				CA4530D820810B9500B71BCC /* Caculator.storyboard in Resources */,
				CA681C66209595B800ADFF7A /* floatTableViewCell.xib in Resources */,
				CAAE45A8205CB14D00090152 /* LaunchScreen.storyboard in Resources */,
				CA39AF6F2095F16400D0C916 /* PickerPopUpCell.xib in Resources */,
				CAAE45A5205CB14D00090152 /* Assets.xcassets in Resources */,
				CAFB8F7620721C46009EA2B3 /* Common.storyboard in Resources */,
				CA61B99020635DC00022A097 /* Overview.storyboard in Resources */,
				CA6CFE3D206CF1E9001314AB /* ChosseCategory.xib in Resources */,
				CAAE45A3205CB14D00090152 /* Main.storyboard in Resources */,
			);
			runOnlyForDeploymentPostprocessing = 0;
		};
		CAAE45AE205CB14D00090152 /* Resources */ = {
			isa = PBXResourcesBuildPhase;
			buildActionMask = 2147483647;
			files = (
			);
			runOnlyForDeploymentPostprocessing = 0;
		};
/* End PBXResourcesBuildPhase section */

/* Begin PBXShellScriptBuildPhase section */
		26DAD81BC4172432737C62B0 /* [CP] Check Pods Manifest.lock */ = {
			isa = PBXShellScriptBuildPhase;
			buildActionMask = 2147483647;
			files = (
			);
			inputPaths = (
				"${PODS_PODFILE_DIR_PATH}/Podfile.lock",
				"${PODS_ROOT}/Manifest.lock",
			);
			name = "[CP] Check Pods Manifest.lock";
			outputPaths = (
				"$(DERIVED_FILE_DIR)/Pods-FinacialManager_iOS-checkManifestLockResult.txt",
			);
			runOnlyForDeploymentPostprocessing = 0;
			shellPath = /bin/sh;
			shellScript = "diff \"${PODS_PODFILE_DIR_PATH}/Podfile.lock\" \"${PODS_ROOT}/Manifest.lock\" > /dev/null\nif [ $? != 0 ] ; then\n    # print error to STDERR\n    echo \"error: The sandbox is not in sync with the Podfile.lock. Run 'pod install' or update your CocoaPods installation.\" >&2\n    exit 1\nfi\n# This output is used by Xcode 'outputs' to avoid re-running this script phase.\necho \"SUCCESS\" > \"${SCRIPT_OUTPUT_FILE_0}\"\n";
			showEnvVarsInLog = 0;
		};
		53C5340A4B2024DD9F316C9F /* [CP] Check Pods Manifest.lock */ = {
			isa = PBXShellScriptBuildPhase;
			buildActionMask = 2147483647;
			files = (
			);
			inputPaths = (
				"${PODS_PODFILE_DIR_PATH}/Podfile.lock",
				"${PODS_ROOT}/Manifest.lock",
			);
			name = "[CP] Check Pods Manifest.lock";
			outputPaths = (
				"$(DERIVED_FILE_DIR)/Pods-FinacialManager_iOSUITests-checkManifestLockResult.txt",
			);
			runOnlyForDeploymentPostprocessing = 0;
			shellPath = /bin/sh;
			shellScript = "diff \"${PODS_PODFILE_DIR_PATH}/Podfile.lock\" \"${PODS_ROOT}/Manifest.lock\" > /dev/null\nif [ $? != 0 ] ; then\n    # print error to STDERR\n    echo \"error: The sandbox is not in sync with the Podfile.lock. Run 'pod install' or update your CocoaPods installation.\" >&2\n    exit 1\nfi\n# This output is used by Xcode 'outputs' to avoid re-running this script phase.\necho \"SUCCESS\" > \"${SCRIPT_OUTPUT_FILE_0}\"\n";
			showEnvVarsInLog = 0;
		};
		564AA5D9E27E6E0F99E45B77 /* [CP] Copy Pods Resources */ = {
			isa = PBXShellScriptBuildPhase;
			buildActionMask = 2147483647;
			files = (
			);
			inputPaths = (
			);
			name = "[CP] Copy Pods Resources";
			outputPaths = (
			);
			runOnlyForDeploymentPostprocessing = 0;
			shellPath = /bin/sh;
			shellScript = "\"${SRCROOT}/Pods/Target Support Files/Pods-FinacialManager_iOSUITests/Pods-FinacialManager_iOSUITests-resources.sh\"\n";
			showEnvVarsInLog = 0;
		};
		BBAAAB5C47851D340CD69B28 /* [CP] Copy Pods Resources */ = {
			isa = PBXShellScriptBuildPhase;
			buildActionMask = 2147483647;
			files = (
			);
			inputPaths = (
			);
			name = "[CP] Copy Pods Resources";
			outputPaths = (
			);
			runOnlyForDeploymentPostprocessing = 0;
			shellPath = /bin/sh;
			shellScript = "\"${SRCROOT}/Pods/Target Support Files/Pods-FinacialManager_iOS/Pods-FinacialManager_iOS-resources.sh\"\n";
			showEnvVarsInLog = 0;
		};
		E03AC6DA9A7165170D860C7D /* [CP] Embed Pods Frameworks */ = {
			isa = PBXShellScriptBuildPhase;
			buildActionMask = 2147483647;
			files = (
			);
			inputPaths = (
			);
			name = "[CP] Embed Pods Frameworks";
			outputPaths = (
			);
			runOnlyForDeploymentPostprocessing = 0;
			shellPath = /bin/sh;
			shellScript = "\"${SRCROOT}/Pods/Target Support Files/Pods-FinacialManager_iOS/Pods-FinacialManager_iOS-frameworks.sh\"\n";
			showEnvVarsInLog = 0;
		};
		E98955F723B07FCC7D21044D /* [CP] Embed Pods Frameworks */ = {
			isa = PBXShellScriptBuildPhase;
			buildActionMask = 2147483647;
			files = (
			);
			inputPaths = (
			);
			name = "[CP] Embed Pods Frameworks";
			outputPaths = (
			);
			runOnlyForDeploymentPostprocessing = 0;
			shellPath = /bin/sh;
			shellScript = "\"${SRCROOT}/Pods/Target Support Files/Pods-FinacialManager_iOSUITests/Pods-FinacialManager_iOSUITests-frameworks.sh\"\n";
			showEnvVarsInLog = 0;
		};
/* End PBXShellScriptBuildPhase section */

/* Begin PBXSourcesBuildPhase section */
		CAAE4594205CB14D00090152 /* Sources */ = {
			isa = PBXSourcesBuildPhase;
			buildActionMask = 2147483647;
			files = (
				CA5D818D205E5038005C23E6 /* SlideNavigationContorllerAnimatorSlideAndFade.m in Sources */,
				CA39AF702095F16400D0C916 /* PickerPopUpVC.m in Sources */,
				CA7300D9206E1A770085E616 /* CategoryCell.m in Sources */,
				CA681C6B2095A8E100ADFF7A /* AlertPickerVC.m in Sources */,
				CA23AF30207CFEB9001662D8 /* StatesDto.m in Sources */,
				CA61B99420635E0C0022A097 /* OverViewVC.m in Sources */,
				CA5D8189205E5038005C23E6 /* SlideNavigationContorllerAnimatorFade.m in Sources */,
				CA76571D205EB72C00751B9F /* SignInVC.m in Sources */,
				CA5D8196205E5049005C23E6 /* Configure.m in Sources */,
				CA765708205EB62100751B9F /* BaseTBV.m in Sources */,
				CA681C67209595B800ADFF7A /* floatTableViewCell.m in Sources */,
				CA701388207613A900962831 /* JarDto.m in Sources */,
				CAAE45AB205CB14D00090152 /* main.m in Sources */,
				CA0284132091BAEF00682236 /* NSDateFormatter+Util.m in Sources */,
				CA765707205EB62100751B9F /* BaseCell.m in Sources */,
				CA5D818A205E5038005C23E6 /* SlideNavigationContorllerAnimatorScale.m in Sources */,
				CA76570A205EB62100751B9F /* BaseVC.m in Sources */,
				CA7300D6206E1A640085E616 /* BaseColCell.m in Sources */,
				CA6F055A207E5F500049C615 /* JarDetailVC.m in Sources */,
				CABBA15D206A166700254F95 /* UIView+Util.m in Sources */,
				CA5D818B205E5038005C23E6 /* SlideNavigationContorllerAnimatorScaleAndFade.m in Sources */,
				CA765712205EB72500751B9F /* MenuVC.m in Sources */,
				CA6F055E207E621D0049C615 /* JarDetailCell.m in Sources */,
				CA6CFE3A206C94E5001314AB /* HButton.m in Sources */,
				CA5D818C205E5038005C23E6 /* SlideNavigationContorllerAnimatorSlide.m in Sources */,
				CAFB8F7420720B35009EA2B3 /* MView.m in Sources */,
				CA5D818E205E5038005C23E6 /* SlideNavigationController.m in Sources */,
				CA0284822091C51200682236 /* NSDate+NSDateEx.m in Sources */,
				CA5D819A205E508B005C23E6 /* UserDto.m in Sources */,
				CA5D8195205E5049005C23E6 /* API.m in Sources */,
				CAFB8F7B20721D24009EA2B3 /* AlertVC.m in Sources */,
				CA765709205EB62100751B9F /* BaseNV.m in Sources */,
				CA81D4AF208AD9D500A35E2F /* ProfileVC.m in Sources */,
				CA02840B2091B97300682236 /* DetailJarDto.m in Sources */,
				CA4530E02081120200B71BCC /* GateView.m in Sources */,
				CABBA161206A169C00254F95 /* UIButton+Button.m in Sources */,
				CACAA6A5205EBDFB0096DB80 /* MenuDto.m in Sources */,
				CA4BECB720692EDE00BA89C9 /* CaculatorVC.m in Sources */,
				CABBA12C206A164600254F95 /* NSString+Util.m in Sources */,
				CA7013802076136700962831 /* CategoryDto.m in Sources */,
				CA2D6329207D110700CEA328 /* BaseClv.m in Sources */,
				CA5D819E205E510E005C23E6 /* BaseDto.m in Sources */,
				CA76571E205EB72C00751B9F /* SignUpVC.m in Sources */,
				CAAE459D205CB14D00090152 /* AppDelegate.m in Sources */,
				CA681C622095939300ADFF7A /* VCFloatingActionButton.m in Sources */,
				CA2EC1C4207355E600312C91 /* CalendarVC.m in Sources */,
				42F72D9C2077B4000014173E /* TypeDto.m in Sources */,
				CA6CFE40206CF20B001314AB /* ChosseCategory.m in Sources */,
				CA4530DC2081104A00B71BCC /* GateVC.m in Sources */,
				CA76571F205EB72C00751B9F /* WelcomeVC.m in Sources */,
			);
			runOnlyForDeploymentPostprocessing = 0;
		};
		CAAE45AC205CB14D00090152 /* Sources */ = {
			isa = PBXSourcesBuildPhase;
			buildActionMask = 2147483647;
			files = (
				CAAE45B5205CB14D00090152 /* FinacialManager_iOSUITests.m in Sources */,
			);
			runOnlyForDeploymentPostprocessing = 0;
		};
/* End PBXSourcesBuildPhase section */

/* Begin PBXTargetDependency section */
		CAAE45B2205CB14D00090152 /* PBXTargetDependency */ = {
			isa = PBXTargetDependency;
			target = CAAE4597205CB14D00090152 /* FinacialManager_iOS */;
			targetProxy = CAAE45B1205CB14D00090152 /* PBXContainerItemProxy */;
		};
/* End PBXTargetDependency section */

/* Begin PBXVariantGroup section */
		CAAE45A1205CB14D00090152 /* Main.storyboard */ = {
			isa = PBXVariantGroup;
			children = (
				CAAE45A2205CB14D00090152 /* Base */,
			);
			name = Main.storyboard;
			sourceTree = "<group>";
		};
		CAAE45A6205CB14D00090152 /* LaunchScreen.storyboard */ = {
			isa = PBXVariantGroup;
			children = (
				CAAE45A7205CB14D00090152 /* Base */,
			);
			name = LaunchScreen.storyboard;
			sourceTree = "<group>";
		};
/* End PBXVariantGroup section */

/* Begin XCBuildConfiguration section */
		CAAE45B7205CB14D00090152 /* Debug */ = {
			isa = XCBuildConfiguration;
			buildSettings = {
				ALWAYS_SEARCH_USER_PATHS = NO;
				CLANG_ANALYZER_NONNULL = YES;
				CLANG_ANALYZER_NUMBER_OBJECT_CONVERSION = YES_AGGRESSIVE;
				CLANG_CXX_LANGUAGE_STANDARD = "gnu++14";
				CLANG_CXX_LIBRARY = "libc++";
				CLANG_ENABLE_MODULES = YES;
				CLANG_ENABLE_OBJC_ARC = YES;
				CLANG_WARN_BLOCK_CAPTURE_AUTORELEASING = YES;
				CLANG_WARN_BOOL_CONVERSION = YES;
				CLANG_WARN_COMMA = YES;
				CLANG_WARN_CONSTANT_CONVERSION = YES;
				CLANG_WARN_DIRECT_OBJC_ISA_USAGE = YES_ERROR;
				CLANG_WARN_DOCUMENTATION_COMMENTS = YES;
				CLANG_WARN_EMPTY_BODY = YES;
				CLANG_WARN_ENUM_CONVERSION = YES;
				CLANG_WARN_INFINITE_RECURSION = YES;
				CLANG_WARN_INT_CONVERSION = YES;
				CLANG_WARN_NON_LITERAL_NULL_CONVERSION = YES;
				CLANG_WARN_OBJC_LITERAL_CONVERSION = YES;
				CLANG_WARN_OBJC_ROOT_CLASS = YES_ERROR;
				CLANG_WARN_RANGE_LOOP_ANALYSIS = YES;
				CLANG_WARN_STRICT_PROTOTYPES = YES;
				CLANG_WARN_SUSPICIOUS_MOVE = YES;
				CLANG_WARN_UNGUARDED_AVAILABILITY = YES_AGGRESSIVE;
				CLANG_WARN_UNREACHABLE_CODE = YES;
				CLANG_WARN__DUPLICATE_METHOD_MATCH = YES;
				CODE_SIGN_IDENTITY = "iPhone Developer";
				COPY_PHASE_STRIP = NO;
				DEBUG_INFORMATION_FORMAT = dwarf;
				ENABLE_STRICT_OBJC_MSGSEND = YES;
				ENABLE_TESTABILITY = YES;
				GCC_C_LANGUAGE_STANDARD = gnu11;
				GCC_DYNAMIC_NO_PIC = NO;
				GCC_NO_COMMON_BLOCKS = YES;
				GCC_OPTIMIZATION_LEVEL = 0;
				GCC_PREPROCESSOR_DEFINITIONS = (
					"DEBUG=1",
					"$(inherited)",
				);
				GCC_WARN_64_TO_32_BIT_CONVERSION = YES;
				GCC_WARN_ABOUT_RETURN_TYPE = YES_ERROR;
				GCC_WARN_UNDECLARED_SELECTOR = YES;
				GCC_WARN_UNINITIALIZED_AUTOS = YES_AGGRESSIVE;
				GCC_WARN_UNUSED_FUNCTION = YES;
				GCC_WARN_UNUSED_VARIABLE = YES;
				IPHONEOS_DEPLOYMENT_TARGET = 11.2;
				MTL_ENABLE_DEBUG_INFO = YES;
				ONLY_ACTIVE_ARCH = YES;
				SDKROOT = iphoneos;
			};
			name = Debug;
		};
		CAAE45B8205CB14D00090152 /* Release */ = {
			isa = XCBuildConfiguration;
			buildSettings = {
				ALWAYS_SEARCH_USER_PATHS = NO;
				CLANG_ANALYZER_NONNULL = YES;
				CLANG_ANALYZER_NUMBER_OBJECT_CONVERSION = YES_AGGRESSIVE;
				CLANG_CXX_LANGUAGE_STANDARD = "gnu++14";
				CLANG_CXX_LIBRARY = "libc++";
				CLANG_ENABLE_MODULES = YES;
				CLANG_ENABLE_OBJC_ARC = YES;
				CLANG_WARN_BLOCK_CAPTURE_AUTORELEASING = YES;
				CLANG_WARN_BOOL_CONVERSION = YES;
				CLANG_WARN_COMMA = YES;
				CLANG_WARN_CONSTANT_CONVERSION = YES;
				CLANG_WARN_DIRECT_OBJC_ISA_USAGE = YES_ERROR;
				CLANG_WARN_DOCUMENTATION_COMMENTS = YES;
				CLANG_WARN_EMPTY_BODY = YES;
				CLANG_WARN_ENUM_CONVERSION = YES;
				CLANG_WARN_INFINITE_RECURSION = YES;
				CLANG_WARN_INT_CONVERSION = YES;
				CLANG_WARN_NON_LITERAL_NULL_CONVERSION = YES;
				CLANG_WARN_OBJC_LITERAL_CONVERSION = YES;
				CLANG_WARN_OBJC_ROOT_CLASS = YES_ERROR;
				CLANG_WARN_RANGE_LOOP_ANALYSIS = YES;
				CLANG_WARN_STRICT_PROTOTYPES = YES;
				CLANG_WARN_SUSPICIOUS_MOVE = YES;
				CLANG_WARN_UNGUARDED_AVAILABILITY = YES_AGGRESSIVE;
				CLANG_WARN_UNREACHABLE_CODE = YES;
				CLANG_WARN__DUPLICATE_METHOD_MATCH = YES;
				CODE_SIGN_IDENTITY = "iPhone Developer";
				COPY_PHASE_STRIP = NO;
				DEBUG_INFORMATION_FORMAT = "dwarf-with-dsym";
				ENABLE_NS_ASSERTIONS = NO;
				ENABLE_STRICT_OBJC_MSGSEND = YES;
				GCC_C_LANGUAGE_STANDARD = gnu11;
				GCC_NO_COMMON_BLOCKS = YES;
				GCC_WARN_64_TO_32_BIT_CONVERSION = YES;
				GCC_WARN_ABOUT_RETURN_TYPE = YES_ERROR;
				GCC_WARN_UNDECLARED_SELECTOR = YES;
				GCC_WARN_UNINITIALIZED_AUTOS = YES_AGGRESSIVE;
				GCC_WARN_UNUSED_FUNCTION = YES;
				GCC_WARN_UNUSED_VARIABLE = YES;
				IPHONEOS_DEPLOYMENT_TARGET = 11.2;
				MTL_ENABLE_DEBUG_INFO = NO;
				SDKROOT = iphoneos;
				VALIDATE_PRODUCT = YES;
			};
			name = Release;
		};
		CAAE45BA205CB14D00090152 /* Debug */ = {
			isa = XCBuildConfiguration;
			baseConfigurationReference = 289502364A49E235EF2CD79C /* Pods-FinacialManager_iOS.debug.xcconfig */;
			buildSettings = {
				ASSETCATALOG_COMPILER_APPICON_NAME = AppIcon;
				CODE_SIGN_STYLE = Automatic;
				DEVELOPMENT_TEAM = 52BEENW56Y;
				INFOPLIST_FILE = FinacialManager_iOS/Info.plist;
				LD_RUNPATH_SEARCH_PATHS = "$(inherited) @executable_path/Frameworks";
				PRODUCT_BUNDLE_IDENTIFIER = "ThanhsonApp.FinacialManager-iOS";
				PRODUCT_NAME = "$(TARGET_NAME)";
				TARGETED_DEVICE_FAMILY = "1,2";
			};
			name = Debug;
		};
		CAAE45BB205CB14D00090152 /* Release */ = {
			isa = XCBuildConfiguration;
			baseConfigurationReference = E119DCAFB56F754334F1C8B2 /* Pods-FinacialManager_iOS.release.xcconfig */;
			buildSettings = {
				ASSETCATALOG_COMPILER_APPICON_NAME = AppIcon;
				CODE_SIGN_STYLE = Automatic;
				DEVELOPMENT_TEAM = 52BEENW56Y;
				INFOPLIST_FILE = FinacialManager_iOS/Info.plist;
				LD_RUNPATH_SEARCH_PATHS = "$(inherited) @executable_path/Frameworks";
				PRODUCT_BUNDLE_IDENTIFIER = "ThanhsonApp.FinacialManager-iOS";
				PRODUCT_NAME = "$(TARGET_NAME)";
				TARGETED_DEVICE_FAMILY = "1,2";
			};
			name = Release;
		};
		CAAE45BD205CB14D00090152 /* Debug */ = {
			isa = XCBuildConfiguration;
			baseConfigurationReference = A388AB52E29658A3070DAD2E /* Pods-FinacialManager_iOSUITests.debug.xcconfig */;
			buildSettings = {
				CODE_SIGN_STYLE = Automatic;
				DEVELOPMENT_TEAM = 52BEENW56Y;
				INFOPLIST_FILE = FinacialManager_iOSUITests/Info.plist;
				LD_RUNPATH_SEARCH_PATHS = "$(inherited) @executable_path/Frameworks @loader_path/Frameworks";
				PRODUCT_BUNDLE_IDENTIFIER = "ThanhsonApp.FinacialManager-iOSUITests";
				PRODUCT_NAME = "$(TARGET_NAME)";
				TARGETED_DEVICE_FAMILY = "1,2";
				TEST_TARGET_NAME = FinacialManager_iOS;
			};
			name = Debug;
		};
		CAAE45BE205CB14D00090152 /* Release */ = {
			isa = XCBuildConfiguration;
			baseConfigurationReference = D588D0FF675FE055EA9BC3EB /* Pods-FinacialManager_iOSUITests.release.xcconfig */;
			buildSettings = {
				CODE_SIGN_STYLE = Automatic;
				DEVELOPMENT_TEAM = 52BEENW56Y;
				INFOPLIST_FILE = FinacialManager_iOSUITests/Info.plist;
				LD_RUNPATH_SEARCH_PATHS = "$(inherited) @executable_path/Frameworks @loader_path/Frameworks";
				PRODUCT_BUNDLE_IDENTIFIER = "ThanhsonApp.FinacialManager-iOSUITests";
				PRODUCT_NAME = "$(TARGET_NAME)";
				TARGETED_DEVICE_FAMILY = "1,2";
				TEST_TARGET_NAME = FinacialManager_iOS;
			};
			name = Release;
		};
/* End XCBuildConfiguration section */

/* Begin XCConfigurationList section */
		CAAE4593205CB14D00090152 /* Build configuration list for PBXProject "FinacialManager_iOS" */ = {
			isa = XCConfigurationList;
			buildConfigurations = (
				CAAE45B7205CB14D00090152 /* Debug */,
				CAAE45B8205CB14D00090152 /* Release */,
			);
			defaultConfigurationIsVisible = 0;
			defaultConfigurationName = Release;
		};
		CAAE45B9205CB14D00090152 /* Build configuration list for PBXNativeTarget "FinacialManager_iOS" */ = {
			isa = XCConfigurationList;
			buildConfigurations = (
				CAAE45BA205CB14D00090152 /* Debug */,
				CAAE45BB205CB14D00090152 /* Release */,
			);
			defaultConfigurationIsVisible = 0;
			defaultConfigurationName = Release;
		};
		CAAE45BC205CB14D00090152 /* Build configuration list for PBXNativeTarget "FinacialManager_iOSUITests" */ = {
			isa = XCConfigurationList;
			buildConfigurations = (
				CAAE45BD205CB14D00090152 /* Debug */,
				CAAE45BE205CB14D00090152 /* Release */,
			);
			defaultConfigurationIsVisible = 0;
			defaultConfigurationName = Release;
		};
/* End XCConfigurationList section */
	};
	rootObject = CAAE4590205CB14D00090152 /* Project object */;
}
